// !$*UTF8*$!
{
	archiveVersion = 1;
	classes = {
	};
	objectVersion = 52;
	objects = {

/* Begin PBXBuildFile section */
		8F8C59D4247606EC00BEBB36 /* AppDelegate.swift in Sources */ = {isa = PBXBuildFile; fileRef = 8F8C59D3247606EC00BEBB36 /* AppDelegate.swift */; };
		8F8C59D6247606EC00BEBB36 /* SceneDelegate.swift in Sources */ = {isa = PBXBuildFile; fileRef = 8F8C59D5247606EC00BEBB36 /* SceneDelegate.swift */; };
		8F8C59D8247606EC00BEBB36 /* ContentView.swift in Sources */ = {isa = PBXBuildFile; fileRef = 8F8C59D7247606EC00BEBB36 /* ContentView.swift */; };
		8F8C59DA247606F400BEBB36 /* Assets.xcassets in Resources */ = {isa = PBXBuildFile; fileRef = 8F8C59D9247606F400BEBB36 /* Assets.xcassets */; };
		8F8C59DD247606F400BEBB36 /* Preview Assets.xcassets in Resources */ = {isa = PBXBuildFile; fileRef = 8F8C59DC247606F400BEBB36 /* Preview Assets.xcassets */; };
		8F8C59E0247606F400BEBB36 /* LaunchScreen.storyboard in Resources */ = {isa = PBXBuildFile; fileRef = 8F8C59DE247606F400BEBB36 /* LaunchScreen.storyboard */; };
		8F8C59E82476073700BEBB36 /* ProspectsView.swift in Sources */ = {isa = PBXBuildFile; fileRef = 8F8C59E72476073700BEBB36 /* ProspectsView.swift */; };
		8F8C59EA247607E000BEBB36 /* MeView.swift in Sources */ = {isa = PBXBuildFile; fileRef = 8F8C59E9247607E000BEBB36 /* MeView.swift */; };
		8F8C59EC2476303D00BEBB36 /* Prospect.swift in Sources */ = {isa = PBXBuildFile; fileRef = 8F8C59EB2476303D00BEBB36 /* Prospect.swift */; };
		8F8C59EF247719BD00BEBB36 /* CodeScanner in Frameworks */ = {isa = PBXBuildFile; productRef = 8F8C59EE247719BD00BEBB36 /* CodeScanner */; };
/* End PBXBuildFile section */

/* Begin PBXFileReference section */
		8F8C59D0247606EC00BEBB36 /* ShareConferencing.app */ = {isa = PBXFileReference; explicitFileType = wrapper.application; includeInIndex = 0; path = ShareConferencing.app; sourceTree = BUILT_PRODUCTS_DIR; };
		8F8C59D3247606EC00BEBB36 /* AppDelegate.swift */ = {isa = PBXFileReference; lastKnownFileType = sourcecode.swift; path = AppDelegate.swift; sourceTree = "<group>"; };
		8F8C59D5247606EC00BEBB36 /* SceneDelegate.swift */ = {isa = PBXFileReference; lastKnownFileType = sourcecode.swift; path = SceneDelegate.swift; sourceTree = "<group>"; };
		8F8C59D7247606EC00BEBB36 /* ContentView.swift */ = {isa = PBXFileReference; lastKnownFileType = sourcecode.swift; path = ContentView.swift; sourceTree = "<group>"; };
		8F8C59D9247606F400BEBB36 /* Assets.xcassets */ = {isa = PBXFileReference; lastKnownFileType = folder.assetcatalog; path = Assets.xcassets; sourceTree = "<group>"; };
		8F8C59DC247606F400BEBB36 /* Preview Assets.xcassets */ = {isa = PBXFileReference; lastKnownFileType = folder.assetcatalog; path = "Preview Assets.xcassets"; sourceTree = "<group>"; };
		8F8C59DF247606F400BEBB36 /* Base */ = {isa = PBXFileReference; lastKnownFileType = file.storyboard; name = Base; path = Base.lproj/LaunchScreen.storyboard; sourceTree = "<group>"; };
		8F8C59E1247606F400BEBB36 /* Info.plist */ = {isa = PBXFileReference; lastKnownFileType = text.plist.xml; path = Info.plist; sourceTree = "<group>"; };
		8F8C59E72476073700BEBB36 /* ProspectsView.swift */ = {isa = PBXFileReference; lastKnownFileType = sourcecode.swift; path = ProspectsView.swift; sourceTree = "<group>"; };
		8F8C59E9247607E000BEBB36 /* MeView.swift */ = {isa = PBXFileReference; lastKnownFileType = sourcecode.swift; path = MeView.swift; sourceTree = "<group>"; };
		8F8C59EB2476303D00BEBB36 /* Prospect.swift */ = {isa = PBXFileReference; lastKnownFileType = sourcecode.swift; path = Prospect.swift; sourceTree = "<group>"; };
/* End PBXFileReference section */

/* Begin PBXFrameworksBuildPhase section */
		8F8C59CD247606EC00BEBB36 /* Frameworks */ = {
			isa = PBXFrameworksBuildPhase;
			buildActionMask = 2147483647;
			files = (
				8F8C59EF247719BD00BEBB36 /* CodeScanner in Frameworks */,
			);
			runOnlyForDeploymentPostprocessing = 0;
		};
/* End PBXFrameworksBuildPhase section */

/* Begin PBXGroup section */
		8F8C59C7247606EC00BEBB36 = {
			isa = PBXGroup;
			children = (
				8F8C59D2247606EC00BEBB36 /* ShareConferencing */,
				8F8C59D1247606EC00BEBB36 /* Products */,
			);
			sourceTree = "<group>";
		};
		8F8C59D1247606EC00BEBB36 /* Products */ = {
			isa = PBXGroup;
			children = (
				8F8C59D0247606EC00BEBB36 /* ShareConferencing.app */,
			);
			name = Products;
			sourceTree = "<group>";
		};
		8F8C59D2247606EC00BEBB36 /* ShareConferencing */ = {
			isa = PBXGroup;
			children = (
				8F8C59EB2476303D00BEBB36 /* Prospect.swift */,
				8F8C59D3247606EC00BEBB36 /* AppDelegate.swift */,
				8F8C59D5247606EC00BEBB36 /* SceneDelegate.swift */,
				8F8C59E72476073700BEBB36 /* ProspectsView.swift */,
				8F8C59D7247606EC00BEBB36 /* ContentView.swift */,
				8F8C59E9247607E000BEBB36 /* MeView.swift */,
				8F8C59D9247606F400BEBB36 /* Assets.xcassets */,
				8F8C59DE247606F400BEBB36 /* LaunchScreen.storyboard */,
				8F8C59E1247606F400BEBB36 /* Info.plist */,
				8F8C59DB247606F400BEBB36 /* Preview Content */,
			);
			path = ShareConferencing;
			sourceTree = "<group>";
		};
		8F8C59DB247606F400BEBB36 /* Preview Content */ = {
			isa = PBXGroup;
			children = (
				8F8C59DC247606F400BEBB36 /* Preview Assets.xcassets */,
			);
			path = "Preview Content";
			sourceTree = "<group>";
		};
/* End PBXGroup section */

/* Begin PBXNativeTarget section */
		8F8C59CF247606EC00BEBB36 /* ShareConferencing */ = {
			isa = PBXNativeTarget;
			buildConfigurationList = 8F8C59E4247606F400BEBB36 /* Build configuration list for PBXNativeTarget "ShareConferencing" */;
			buildPhases = (
				8F8C59CC247606EC00BEBB36 /* Sources */,
				8F8C59CD247606EC00BEBB36 /* Frameworks */,
				8F8C59CE247606EC00BEBB36 /* Resources */,
			);
			buildRules = (
			);
			dependencies = (
			);
			name = ShareConferencing;
			packageProductDependencies = (
				8F8C59EE247719BD00BEBB36 /* CodeScanner */,
			);
			productName = ShareConferencing;
			productReference = 8F8C59D0247606EC00BEBB36 /* ShareConferencing.app */;
			productType = "com.apple.product-type.application";
		};
/* End PBXNativeTarget section */

/* Begin PBXProject section */
		8F8C59C8247606EC00BEBB36 /* Project object */ = {
			isa = PBXProject;
			attributes = {
				LastSwiftUpdateCheck = 1140;
				LastUpgradeCheck = 1140;
				ORGANIZATIONNAME = "John Naylor";
				TargetAttributes = {
					8F8C59CF247606EC00BEBB36 = {
						CreatedOnToolsVersion = 11.4.1;
					};
				};
			};
			buildConfigurationList = 8F8C59CB247606EC00BEBB36 /* Build configuration list for PBXProject "ShareConferencing" */;
			compatibilityVersion = "Xcode 9.3";
			developmentRegion = en;
			hasScannedForEncodings = 0;
			knownRegions = (
				en,
				Base,
			);
			mainGroup = 8F8C59C7247606EC00BEBB36;
			packageReferences = (
				8F8C59ED247719BD00BEBB36 /* XCRemoteSwiftPackageReference "CodeScanner" */,
			);
			productRefGroup = 8F8C59D1247606EC00BEBB36 /* Products */;
			projectDirPath = "";
			projectRoot = "";
			targets = (
				8F8C59CF247606EC00BEBB36 /* ShareConferencing */,
			);
		};
/* End PBXProject section */

/* Begin PBXResourcesBuildPhase section */
		8F8C59CE247606EC00BEBB36 /* Resources */ = {
			isa = PBXResourcesBuildPhase;
			buildActionMask = 2147483647;
			files = (
				8F8C59E0247606F400BEBB36 /* LaunchScreen.storyboard in Resources */,
				8F8C59DD247606F400BEBB36 /* Preview Assets.xcassets in Resources */,
				8F8C59DA247606F400BEBB36 /* Assets.xcassets in Resources */,
			);
			runOnlyForDeploymentPostprocessing = 0;
		};
/* End PBXResourcesBuildPhase section */

/* Begin PBXSourcesBuildPhase section */
		8F8C59CC247606EC00BEBB36 /* Sources */ = {
			isa = PBXSourcesBuildPhase;
			buildActionMask = 2147483647;
			files = (
				8F8C59E82476073700BEBB36 /* ProspectsView.swift in Sources */,
				8F8C59EC2476303D00BEBB36 /* Prospect.swift in Sources */,
				8F8C59D4247606EC00BEBB36 /* AppDelegate.swift in Sources */,
				8F8C59D6247606EC00BEBB36 /* SceneDelegate.swift in Sources */,
				8F8C59D8247606EC00BEBB36 /* ContentView.swift in Sources */,
				8F8C59EA247607E000BEBB36 /* MeView.swift in Sources */,
			);
			runOnlyForDeploymentPostprocessing = 0;
		};
/* End PBXSourcesBuildPhase section */

/* Begin PBXVariantGroup section */
		8F8C59DE247606F400BEBB36 /* LaunchScreen.storyboard */ = {
			isa = PBXVariantGroup;
			children = (
				8F8C59DF247606F400BEBB36 /* Base */,
			);
			name = LaunchScreen.storyboard;
			sourceTree = "<group>";
		};
/* End PBXVariantGroup section */

/* Begin XCBuildConfiguration section */
		8F8C59E2247606F400BEBB36 /* Debug */ = {
			isa = XCBuildConfiguration;
			buildSettings = {
				ALWAYS_SEARCH_USER_PATHS = NO;
				CLANG_ANALYZER_NONNULL = YES;
				CLANG_ANALYZER_NUMBER_OBJECT_CONVERSION = YES_AGGRESSIVE;
				CLANG_CXX_LANGUAGE_STANDARD = "gnu++14";
				CLANG_CXX_LIBRARY = "libc++";
				CLANG_ENABLE_MODULES = YES;
				CLANG_ENABLE_OBJC_ARC = YES;
				CLANG_ENABLE_OBJC_WEAK = YES;
				CLANG_WARN_BLOCK_CAPTURE_AUTORELEASING = YES;
				CLANG_WARN_BOOL_CONVERSION = YES;
				CLANG_WARN_COMMA = YES;
				CLANG_WARN_CONSTANT_CONVERSION = YES;
				CLANG_WARN_DEPRECATED_OBJC_IMPLEMENTATIONS = YES;
				CLANG_WARN_DIRECT_OBJC_ISA_USAGE = YES_ERROR;
				CLANG_WARN_DOCUMENTATION_COMMENTS = YES;
				CLANG_WARN_EMPTY_BODY = YES;
				CLANG_WARN_ENUM_CONVERSION = YES;
				CLANG_WARN_INFINITE_RECURSION = YES;
				CLANG_WARN_INT_CONVERSION = YES;
				CLANG_WARN_NON_LITERAL_NULL_CONVERSION = YES;
				CLANG_WARN_OBJC_IMPLICIT_RETAIN_SELF = YES;
				CLANG_WARN_OBJC_LITERAL_CONVERSION = YES;
				CLANG_WARN_OBJC_ROOT_CLASS = YES_ERROR;
				CLANG_WARN_RANGE_LOOP_ANALYSIS = YES;
				CLANG_WARN_STRICT_PROTOTYPES = YES;
				CLANG_WARN_SUSPICIOUS_MOVE = YES;
				CLANG_WARN_UNGUARDED_AVAILABILITY = YES_AGGRESSIVE;
				CLANG_WARN_UNREACHABLE_CODE = YES;
				CLANG_WARN__DUPLICATE_METHOD_MATCH = YES;
				COPY_PHASE_STRIP = NO;
				DEBUG_INFORMATION_FORMAT = dwarf;
				ENABLE_STRICT_OBJC_MSGSEND = YES;
				ENABLE_TESTABILITY = YES;
				GCC_C_LANGUAGE_STANDARD = gnu11;
				GCC_DYNAMIC_NO_PIC = NO;
				GCC_NO_COMMON_BLOCKS = YES;
				GCC_OPTIMIZATION_LEVEL = 0;
				GCC_PREPROCESSOR_DEFINITIONS = (
					"DEBUG=1",
					"$(inherited)",
				);
				GCC_WARN_64_TO_32_BIT_CONVERSION = YES;
				GCC_WARN_ABOUT_RETURN_TYPE = YES_ERROR;
				GCC_WARN_UNDECLARED_SELECTOR = YES;
				GCC_WARN_UNINITIALIZED_AUTOS = YES_AGGRESSIVE;
				GCC_WARN_UNUSED_FUNCTION = YES;
				GCC_WARN_UNUSED_VARIABLE = YES;
				IPHONEOS_DEPLOYMENT_TARGET = 13.4;
				MTL_ENABLE_DEBUG_INFO = INCLUDE_SOURCE;
				MTL_FAST_MATH = YES;
				ONLY_ACTIVE_ARCH = YES;
				SDKROOT = iphoneos;
				SWIFT_ACTIVE_COMPILATION_CONDITIONS = DEBUG;
				SWIFT_OPTIMIZATION_LEVEL = "-Onone";
			};
			name = Debug;
		};
		8F8C59E3247606F400BEBB36 /* Release */ = {
			isa = XCBuildConfiguration;
			buildSettings = {
				ALWAYS_SEARCH_USER_PATHS = NO;
				CLANG_ANALYZER_NONNULL = YES;
				CLANG_ANALYZER_NUMBER_OBJECT_CONVERSION = YES_AGGRESSIVE;
				CLANG_CXX_LANGUAGE_STANDARD = "gnu++14";
				CLANG_CXX_LIBRARY = "libc++";
				CLANG_ENABLE_MODULES = YES;
				CLANG_ENABLE_OBJC_ARC = YES;
				CLANG_ENABLE_OBJC_WEAK = YES;
				CLANG_WARN_BLOCK_CAPTURE_AUTORELEASING = YES;
				CLANG_WARN_BOOL_CONVERSION = YES;
				CLANG_WARN_COMMA = YES;
				CLANG_WARN_CONSTANT_CONVERSION = YES;
				CLANG_WARN_DEPRECATED_OBJC_IMPLEMENTATIONS = YES;
				CLANG_WARN_DIRECT_OBJC_ISA_USAGE = YES_ERROR;
				CLANG_WARN_DOCUMENTATION_COMMENTS = YES;
				CLANG_WARN_EMPTY_BODY = YES;
				CLANG_WARN_ENUM_CONVERSION = YES;
				CLANG_WARN_INFINITE_RECURSION = YES;
				CLANG_WARN_INT_CONVERSION = YES;
				CLANG_WARN_NON_LITERAL_NULL_CONVERSION = YES;
				CLANG_WARN_OBJC_IMPLICIT_RETAIN_SELF = YES;
				CLANG_WARN_OBJC_LITERAL_CONVERSION = YES;
				CLANG_WARN_OBJC_ROOT_CLASS = YES_ERROR;
				CLANG_WARN_RANGE_LOOP_ANALYSIS = YES;
				CLANG_WARN_STRICT_PROTOTYPES = YES;
				CLANG_WARN_SUSPICIOUS_MOVE = YES;
				CLANG_WARN_UNGUARDED_AVAILABILITY = YES_AGGRESSIVE;
				CLANG_WARN_UNREACHABLE_CODE = YES;
				CLANG_WARN__DUPLICATE_METHOD_MATCH = YES;
				COPY_PHASE_STRIP = NO;
				DEBUG_INFORMATION_FORMAT = "dwarf-with-dsym";
				ENABLE_NS_ASSERTIONS = NO;
				ENABLE_STRICT_OBJC_MSGSEND = YES;
				GCC_C_LANGUAGE_STANDARD = gnu11;
				GCC_NO_COMMON_BLOCKS = YES;
				GCC_WARN_64_TO_32_BIT_CONVERSION = YES;
				GCC_WARN_ABOUT_RETURN_TYPE = YES_ERROR;
				GCC_WARN_UNDECLARED_SELECTOR = YES;
				GCC_WARN_UNINITIALIZED_AUTOS = YES_AGGRESSIVE;
				GCC_WARN_UNUSED_FUNCTION = YES;
				GCC_WARN_UNUSED_VARIABLE = YES;
				IPHONEOS_DEPLOYMENT_TARGET = 13.4;
				MTL_ENABLE_DEBUG_INFO = NO;
				MTL_FAST_MATH = YES;
				SDKROOT = iphoneos;
				SWIFT_COMPILATION_MODE = wholemodule;
				SWIFT_OPTIMIZATION_LEVEL = "-O";
				VALIDATE_PRODUCT = YES;
			};
			name = Release;
		};
		8F8C59E5247606F400BEBB36 /* Debug */ = {
			isa = XCBuildConfiguration;
			buildSettings = {
				ASSETCATALOG_COMPILER_APPICON_NAME = AppIcon;
				CODE_SIGN_STYLE = Automatic;
				DEVELOPMENT_ASSET_PATHS = "\"ShareConferencing/Preview Content\"";
				DEVELOPMENT_TEAM = 9HNXYM86C6;
				ENABLE_PREVIEWS = YES;
				INFOPLIST_FILE = ShareConferencing/Info.plist;
				LD_RUNPATH_SEARCH_PATHS = (
					"$(inherited)",
					"@executable_path/Frameworks",
				);
				PRODUCT_BUNDLE_IDENTIFIER = com.jonaylor89.ShareConferencing;
				PRODUCT_NAME = "$(TARGET_NAME)";
				SWIFT_VERSION = 5.0;
				TARGETED_DEVICE_FAMILY = "1,2";
			};
			name = Debug;
		};
		8F8C59E6247606F400BEBB36 /* Release */ = {
			isa = XCBuildConfiguration;
			buildSettings = {
				ASSETCATALOG_COMPILER_APPICON_NAME = AppIcon;
				CODE_SIGN_STYLE = Automatic;
				DEVELOPMENT_ASSET_PATHS = "\"ShareConferencing/Preview Content\"";
				DEVELOPMENT_TEAM = 9HNXYM86C6;
				ENABLE_PREVIEWS = YES;
				INFOPLIST_FILE = ShareConferencing/Info.plist;
				LD_RUNPATH_SEARCH_PATHS = (
					"$(inherited)",
					"@executable_path/Frameworks",
				);
				PRODUCT_BUNDLE_IDENTIFIER = com.jonaylor89.ShareConferencing;
				PRODUCT_NAME = "$(TARGET_NAME)";
				SWIFT_VERSION = 5.0;
				TARGETED_DEVICE_FAMILY = "1,2";
			};
			name = Release;
		};
/* End XCBuildConfiguration section */

/* Begin XCConfigurationList section */
		8F8C59CB247606EC00BEBB36 /* Build configuration list for PBXProject "ShareConferencing" */ = {
			isa = XCConfigurationList;
			buildConfigurations = (
				8F8C59E2247606F400BEBB36 /* Debug */,
				8F8C59E3247606F400BEBB36 /* Release */,
			);
			defaultConfigurationIsVisible = 0;
			defaultConfigurationName = Release;
		};
		8F8C59E4247606F400BEBB36 /* Build configuration list for PBXNativeTarget "ShareConferencing" */ = {
			isa = XCConfigurationList;
			buildConfigurations = (
				8F8C59E5247606F400BEBB36 /* Debug */,
				8F8C59E6247606F400BEBB36 /* Release */,
			);
			defaultConfigurationIsVisible = 0;
			defaultConfigurationName = Release;
		};
/* End XCConfigurationList section */

/* Begin XCRemoteSwiftPackageReference section */
		8F8C59ED247719BD00BEBB36 /* XCRemoteSwiftPackageReference "CodeScanner" */ = {
			isa = XCRemoteSwiftPackageReference;
			repositoryURL = "https://github.com/twostraws/CodeScanner";
			requirement = {
				kind = upToNextMajorVersion;
				minimumVersion = 1.0.6;
			};
		};
/* End XCRemoteSwiftPackageReference section */

/* Begin XCSwiftPackageProductDependency section */
		8F8C59EE247719BD00BEBB36 /* CodeScanner */ = {
			isa = XCSwiftPackageProductDependency;
			package = 8F8C59ED247719BD00BEBB36 /* XCRemoteSwiftPackageReference "CodeScanner" */;
			productName = CodeScanner;
		};
/* End XCSwiftPackageProductDependency section */
	};
	rootObject = 8F8C59C8247606EC00BEBB36 /* Project object */;
}
